
Microsoft Visual Studio Solution File, Format Version 12.00
# Visual Studio Version 17
VisualStudioVersion = 17.0.32014.148
MinimumVisualStudioVersion = 10.0.40219.1
Project("{FAE04EC0-301F-11D3-BF4B-00C04F79EFBC}") = "WEB", "WEB\WEB.csproj", "{BAAD18E3-7F37-4365-9615-5A7DFCCCD1ED}"
EndProject
Global
	GlobalSection(SolutionConfigurationPlatforms) = preSolution
		Debug|Any CPU = Debug|Any CPU
		Release|Any CPU = Release|Any CPU
	EndGlobalSection
	GlobalSection(ProjectConfigurationPlatforms) = postSolution
		{BAAD18E3-7F37-4365-9615-5A7DFCCCD1ED}.Debug|Any CPU.ActiveCfg = Debug|Any CPU
		{BAAD18E3-7F37-4365-9615-5A7DFCCCD1ED}.Debug|Any CPU.Build.0 = Debug|Any CPU
		{BAAD18E3-7F37-4365-9615-5A7DFCCCD1ED}.Release|Any CPU.ActiveCfg = Release|Any CPU
		{BAAD18E3-7F37-4365-9615-5A7DFCCCD1ED}.Release|Any CPU.Build.0 = Release|Any CPU
	EndGlobalSection
	GlobalSection(SolutionProperties) = preSolution
		HideSolutionNode = FALSE
	EndGlobalSection
	GlobalSection(ExtensibilityGlobals) = postSolution
		SolutionGuid = {14D9D72A-D17E-424D-B510-609A2B920EF7}
	EndGlobalSection
EndGlobal
